
Microsoft Visual Studio Solution File, Format Version 12.00
# Visual Studio Version 17
VisualStudioVersion = 17.6.33801.468
MinimumVisualStudioVersion = 10.0.40219.1
Project("{FAE04EC0-301F-11D3-BF4B-00C04F79EFBC}") = "Medidor", "Medidor\Medidor.csproj", "{60167DBD-E2AA-4F20-8DE7-AA5572D53413}"
EndProject
Project("{FAE04EC0-301F-11D3-BF4B-00C04F79EFBC}") = "MedidorModel", "MedidorModel\MedidorModel.csproj", "{FA2CCB8F-AED6-4EE7-9102-E48C0A2ADC31}"
EndProject
Global
	GlobalSection(SolutionConfigurationPlatforms) = preSolution
		Debug|Any CPU = Debug|Any CPU
		Release|Any CPU = Release|Any CPU
	EndGlobalSection
	GlobalSection(ProjectConfigurationPlatforms) = postSolution
		{60167DBD-E2AA-4F20-8DE7-AA5572D53413}.Debug|Any CPU.ActiveCfg = Debug|Any CPU
		{60167DBD-E2AA-4F20-8DE7-AA5572D53413}.Debug|Any CPU.Build.0 = Debug|Any CPU
		{60167DBD-E2AA-4F20-8DE7-AA5572D53413}.Release|Any CPU.ActiveCfg = Release|Any CPU
		{60167DBD-E2AA-4F20-8DE7-AA5572D53413}.Release|Any CPU.Build.0 = Release|Any CPU
		{FA2CCB8F-AED6-4EE7-9102-E48C0A2ADC31}.Debug|Any CPU.ActiveCfg = Debug|Any CPU
		{FA2CCB8F-AED6-4EE7-9102-E48C0A2ADC31}.Debug|Any CPU.Build.0 = Debug|Any CPU
		{FA2CCB8F-AED6-4EE7-9102-E48C0A2ADC31}.Release|Any CPU.ActiveCfg = Release|Any CPU
		{FA2CCB8F-AED6-4EE7-9102-E48C0A2ADC31}.Release|Any CPU.Build.0 = Release|Any CPU
	EndGlobalSection
	GlobalSection(SolutionProperties) = preSolution
		HideSolutionNode = FALSE
	EndGlobalSection
	GlobalSection(ExtensibilityGlobals) = postSolution
		SolutionGuid = {E850FE38-EB47-4935-BD16-D252F92BF265}
	EndGlobalSection
EndGlobal
